
Microsoft Visual Studio Solution File, Format Version 12.00
# Visual Studio 15
VisualStudioVersion = 15.0.26124.0
MinimumVisualStudioVersion = 15.0.26124.0
Project("{FAE04EC0-301F-11D3-BF4B-00C04F79EFBC}") = "pokerPlamBackend", "pokerPlamBackend\pokerPlamBackend.csproj", "{99368AF5-1D6A-444F-B25D-5820A7340FFB}"
EndProject
Project("{FAE04EC0-301F-11D3-BF4B-00C04F79EFBC}") = "pokerPlamBackend.Tests", "pokerPlamBackend.Tests\pokerPlamBackend.Tests.csproj", "{B9BED492-5149-470F-8612-583BEF30636B}"
EndProject
Global
	GlobalSection(SolutionConfigurationPlatforms) = preSolution
		Debug|Any CPU = Debug|Any CPU
		Debug|x64 = Debug|x64
		Debug|x86 = Debug|x86
		Release|Any CPU = Release|Any CPU
		Release|x64 = Release|x64
		Release|x86 = Release|x86
	EndGlobalSection
	GlobalSection(SolutionProperties) = preSolution
		HideSolutionNode = FALSE
	EndGlobalSection
	GlobalSection(ProjectConfigurationPlatforms) = postSolution
		{99368AF5-1D6A-444F-B25D-5820A7340FFB}.Debug|Any CPU.ActiveCfg = Debug|Any CPU
		{99368AF5-1D6A-444F-B25D-5820A7340FFB}.Debug|Any CPU.Build.0 = Debug|Any CPU
		{99368AF5-1D6A-444F-B25D-5820A7340FFB}.Debug|x64.ActiveCfg = Debug|Any CPU
		{99368AF5-1D6A-444F-B25D-5820A7340FFB}.Debug|x64.Build.0 = Debug|Any CPU
		{99368AF5-1D6A-444F-B25D-5820A7340FFB}.Debug|x86.ActiveCfg = Debug|Any CPU
		{99368AF5-1D6A-444F-B25D-5820A7340FFB}.Debug|x86.Build.0 = Debug|Any CPU
		{99368AF5-1D6A-444F-B25D-5820A7340FFB}.Release|Any CPU.ActiveCfg = Release|Any CPU
		{99368AF5-1D6A-444F-B25D-5820A7340FFB}.Release|Any CPU.Build.0 = Release|Any CPU
		{99368AF5-1D6A-444F-B25D-5820A7340FFB}.Release|x64.ActiveCfg = Release|Any CPU
		{99368AF5-1D6A-444F-B25D-5820A7340FFB}.Release|x64.Build.0 = Release|Any CPU
		{99368AF5-1D6A-444F-B25D-5820A7340FFB}.Release|x86.ActiveCfg = Release|Any CPU
		{99368AF5-1D6A-444F-B25D-5820A7340FFB}.Release|x86.Build.0 = Release|Any CPU
		{B9BED492-5149-470F-8612-583BEF30636B}.Debug|Any CPU.ActiveCfg = Debug|Any CPU
		{B9BED492-5149-470F-8612-583BEF30636B}.Debug|Any CPU.Build.0 = Debug|Any CPU
		{B9BED492-5149-470F-8612-583BEF30636B}.Debug|x64.ActiveCfg = Debug|Any CPU
		{B9BED492-5149-470F-8612-583BEF30636B}.Debug|x64.Build.0 = Debug|Any CPU
		{B9BED492-5149-470F-8612-583BEF30636B}.Debug|x86.ActiveCfg = Debug|Any CPU
		{B9BED492-5149-470F-8612-583BEF30636B}.Debug|x86.Build.0 = Debug|Any CPU
		{B9BED492-5149-470F-8612-583BEF30636B}.Release|Any CPU.ActiveCfg = Release|Any CPU
		{B9BED492-5149-470F-8612-583BEF30636B}.Release|Any CPU.Build.0 = Release|Any CPU
		{B9BED492-5149-470F-8612-583BEF30636B}.Release|x64.ActiveCfg = Release|Any CPU
		{B9BED492-5149-470F-8612-583BEF30636B}.Release|x64.Build.0 = Release|Any CPU
		{B9BED492-5149-470F-8612-583BEF30636B}.Release|x86.ActiveCfg = Release|Any CPU
		{B9BED492-5149-470F-8612-583BEF30636B}.Release|x86.Build.0 = Release|Any CPU
	EndGlobalSection
EndGlobal
